// !$*UTF8*$!
{
	archiveVersion = 1;
	classes = {
	};
	objectVersion = 50;
	objects = {

/* Begin PBXBuildFile section */
		2DB82B5C21AE27600085B30E /* ResourcePath.mm in Sources */ = {isa = PBXBuildFile; fileRef = 2DB82B4B21AE275F0085B30E /* ResourcePath.mm */; };
		2DB82B5F21AE27600085B30E /* Constants.cpp in Sources */ = {isa = PBXBuildFile; fileRef = 2DB82B4E21AE27600085B30E /* Constants.cpp */; };
		2DB82B6221AE27600085B30E /* Display_Panel.cpp in Sources */ = {isa = PBXBuildFile; fileRef = 2DB82B5521AE27600085B30E /* Display_Panel.cpp */; };
		2DB82B6521AE27600085B30E /* ControlPanel.cpp in Sources */ = {isa = PBXBuildFile; fileRef = 2DB82B5821AE27600085B30E /* ControlPanel.cpp */; };
		2DB82B6621AE27610085B30E /* Plot.cpp in Sources */ = {isa = PBXBuildFile; fileRef = 2DB82B5A21AE27600085B30E /* Plot.cpp */; };
		2DB82B6721AE27610085B30E /* main.cpp in Sources */ = {isa = PBXBuildFile; fileRef = 2DB82B5B21AE27600085B30E /* main.cpp */; };
/* End PBXBuildFile section */

/* Begin PBXFileReference section */
		2DB82B1621AE27110085B30E /* Graphing.app */ = {isa = PBXFileReference; explicitFileType = wrapper.application; includeInIndex = 0; path = Graphing.app; sourceTree = BUILT_PRODUCTS_DIR; };
		2DB82B1A21AE27110085B30E /* Graphing-Info.plist */ = {isa = PBXFileReference; lastKnownFileType = text.plist.xml; path = "Graphing-Info.plist"; sourceTree = "<group>"; };
		2DB82B4B21AE275F0085B30E /* ResourcePath.mm */ = {isa = PBXFileReference; fileEncoding = 4; lastKnownFileType = sourcecode.cpp.objcpp; path = ResourcePath.mm; sourceTree = "<group>"; };
		2DB82B4E21AE27600085B30E /* Constants.cpp */ = {isa = PBXFileReference; fileEncoding = 4; lastKnownFileType = sourcecode.cpp.cpp; path = Constants.cpp; sourceTree = "<group>"; };
		2DB82B5021AE27600085B30E /* Display_Panel.hpp */ = {isa = PBXFileReference; fileEncoding = 4; lastKnownFileType = sourcecode.cpp.h; name = Display_Panel.hpp; path = /Users/winnie/Documents/Graphing/Graphing/Display_Panel.hpp; sourceTree = "<absolute>"; };
		2DB82B5121AE27600085B30E /* ResourcePath.hpp */ = {isa = PBXFileReference; fileEncoding = 4; lastKnownFileType = sourcecode.cpp.h; path = ResourcePath.hpp; sourceTree = "<group>"; };
		2DB82B5221AE27600085B30E /* ControlPanel.hpp */ = {isa = PBXFileReference; fileEncoding = 4; lastKnownFileType = sourcecode.cpp.h; name = ControlPanel.hpp; path = /Users/winnie/Documents/Graphing/Graphing/ControlPanel.hpp; sourceTree = "<absolute>"; };
		2DB82B5421AE27600085B30E /* Constants.hpp */ = {isa = PBXFileReference; fileEncoding = 4; lastKnownFileType = sourcecode.cpp.h; path = Constants.hpp; sourceTree = "<group>"; };
		2DB82B5521AE27600085B30E /* Display_Panel.cpp */ = {isa = PBXFileReference; fileEncoding = 4; lastKnownFileType = sourcecode.cpp.cpp; path = Display_Panel.cpp; sourceTree = "<group>"; };
		2DB82B5821AE27600085B30E /* ControlPanel.cpp */ = {isa = PBXFileReference; fileEncoding = 4; lastKnownFileType = sourcecode.cpp.cpp; name = ControlPanel.cpp; path = /Users/winnie/Documents/Graphing/Graphing/ControlPanel.cpp; sourceTree = "<absolute>"; };
		2DB82B5921AE27600085B30E /* Plot.hpp */ = {isa = PBXFileReference; fileEncoding = 4; lastKnownFileType = sourcecode.cpp.h; name = Plot.hpp; path = /Users/winnie/Documents/Graphing/Graphing/Plot.hpp; sourceTree = "<absolute>"; };
		2DB82B5A21AE27600085B30E /* Plot.cpp */ = {isa = PBXFileReference; fileEncoding = 4; lastKnownFileType = sourcecode.cpp.cpp; name = Plot.cpp; path = /Users/winnie/Documents/Graphing/Graphing/Plot.cpp; sourceTree = "<absolute>"; };
		2DB82B5B21AE27600085B30E /* main.cpp */ = {isa = PBXFileReference; fileEncoding = 4; lastKnownFileType = sourcecode.cpp.cpp; path = main.cpp; sourceTree = "<group>"; };
		2DB82B6821AE27890085B30E /* arial.ttf */ = {isa = PBXFileReference; lastKnownFileType = file; name = arial.ttf; path = /Users/winnie/Documents/Graphing/Graphing/arial.ttf; sourceTree = "<absolute>"; };
		2DB82B6921AE27890085B30E /* Roboto-Thin.ttf */ = {isa = PBXFileReference; lastKnownFileType = file; name = "Roboto-Thin.ttf"; path = "/Users/winnie/Documents/Graphing/Graphing/Roboto-Thin.ttf"; sourceTree = "<absolute>"; };
/* End PBXFileReference section */

/* Begin PBXFrameworksBuildPhase section */
		2DB82B1221AE27110085B30E /* Frameworks */ = {
			isa = PBXFrameworksBuildPhase;
			buildActionMask = 2147483647;
			files = (
			);
			runOnlyForDeploymentPostprocessing = 0;
		};
/* End PBXFrameworksBuildPhase section */

/* Begin PBXGroup section */
		2DB82B0C21AE27110085B30E = {
			isa = PBXGroup;
			children = (
				2DB82B1821AE27110085B30E /* Graphing */,
				2DB82B1721AE27110085B30E /* Products */,
			);
			sourceTree = "<group>";
		};
		2DB82B1721AE27110085B30E /* Products */ = {
			isa = PBXGroup;
			children = (
				2DB82B1621AE27110085B30E /* Graphing.app */,
			);
			name = Products;
			sourceTree = "<group>";
		};
		2DB82B1821AE27110085B30E /* Graphing */ = {
			isa = PBXGroup;
			children = (
				2DB82B4E21AE27600085B30E /* Constants.cpp */,
				2DB82B5421AE27600085B30E /* Constants.hpp */,
				2DB82B5821AE27600085B30E /* ControlPanel.cpp */,
				2DB82B5221AE27600085B30E /* ControlPanel.hpp */,
				2DB82B5521AE27600085B30E /* Display_Panel.cpp */,
				2DB82B5021AE27600085B30E /* Display_Panel.hpp */,
				2DB82B5B21AE27600085B30E /* main.cpp */,
				2DB82B5A21AE27600085B30E /* Plot.cpp */,
				2DB82B5921AE27600085B30E /* Plot.hpp */,
				2DB82B5121AE27600085B30E /* ResourcePath.hpp */,
				2DB82B4B21AE275F0085B30E /* ResourcePath.mm */,
				2DB82B2021AE27110085B30E /* Resources */,
				2DB82B1921AE27110085B30E /* Supporting Files */,
			);
			path = Graphing;
			sourceTree = "<group>";
		};
		2DB82B1921AE27110085B30E /* Supporting Files */ = {
			isa = PBXGroup;
			children = (
				2DB82B1A21AE27110085B30E /* Graphing-Info.plist */,
			);
			name = "Supporting Files";
			sourceTree = "<group>";
		};
		2DB82B2021AE27110085B30E /* Resources */ = {
			isa = PBXGroup;
			children = (
				2DB82B6821AE27890085B30E /* arial.ttf */,
				2DB82B6921AE27890085B30E /* Roboto-Thin.ttf */,
			);
			name = Resources;
			sourceTree = "<group>";
		};
/* End PBXGroup section */

/* Begin PBXNativeTarget section */
		2DB82B1521AE27110085B30E /* Graphing */ = {
			isa = PBXNativeTarget;
			buildConfigurationList = 2DB82B2B21AE27110085B30E /* Build configuration list for PBXNativeTarget "Graphing" */;
			buildPhases = (
				2DB82B1121AE27110085B30E /* Sources */,
				2DB82B1221AE27110085B30E /* Frameworks */,
				2DB82B1321AE27110085B30E /* Resources */,
				2DB82B1421AE27110085B30E /* ShellScript */,
			);
			buildRules = (
			);
			dependencies = (
			);
			name = Graphing;
			productName = Graphing;
			productReference = 2DB82B1621AE27110085B30E /* Graphing.app */;
			productType = "com.apple.product-type.application";
		};
/* End PBXNativeTarget section */

/* Begin PBXProject section */
		2DB82B0D21AE27110085B30E /* Project object */ = {
			isa = PBXProject;
			attributes = {
				LastUpgradeCheck = 1010;
				ORGANIZATIONNAME = "Winnie Jeng";
				TargetAttributes = {
					2DB82B1521AE27110085B30E = {
						CreatedOnToolsVersion = 10.1;
					};
				};
			};
			buildConfigurationList = 2DB82B1021AE27110085B30E /* Build configuration list for PBXProject "Graphing" */;
			compatibilityVersion = "Xcode 9.3";
			developmentRegion = en;
			hasScannedForEncodings = 0;
			knownRegions = (
				en,
			);
			mainGroup = 2DB82B0C21AE27110085B30E;
			productRefGroup = 2DB82B1721AE27110085B30E /* Products */;
			projectDirPath = "";
			projectRoot = "";
			targets = (
				2DB82B1521AE27110085B30E /* Graphing */,
			);
		};
/* End PBXProject section */

/* Begin PBXResourcesBuildPhase section */
		2DB82B1321AE27110085B30E /* Resources */ = {
			isa = PBXResourcesBuildPhase;
			buildActionMask = 2147483647;
			files = (
			);
			runOnlyForDeploymentPostprocessing = 0;
		};
/* End PBXResourcesBuildPhase section */

/* Begin PBXShellScriptBuildPhase section */
		2DB82B1421AE27110085B30E /* ShellScript */ = {
			isa = PBXShellScriptBuildPhase;
			buildActionMask = 8;
			files = (
			);
			inputFileListPaths = (
			);
			inputPaths = (
			);
			outputFileListPaths = (
			);
			outputPaths = (
			);
			runOnlyForDeploymentPostprocessing = 1;
			shellPath = /bin/sh;
			shellScript = "# This shell script simply copies required SFML dylibs/frameworks into the application bundle frameworks folder.\n# If you're using static libraries (which is not recommended) you should remove this script from your project.\n\n# SETTINGS\nSFML_DEPENDENCIES_INSTALL_PREFIX=\"/Users/SFML/Desktop/packaging/tmp/install/Library/Frameworks\"\nCMAKE_INSTALL_FRAMEWORK_PREFIX=\"/Users/SFML/Desktop/packaging/tmp/install/Library/Frameworks\"\nCMAKE_INSTALL_LIB_PREFIX=\"/Users/SFML/Desktop/packaging/tmp/install/Library/Frameworks/lib\"\nFRAMEWORKS_FULL_PATH=\"$BUILT_PRODUCTS_DIR/$FRAMEWORKS_FOLDER_PATH/\"\n\n# Are we building a project that uses frameworks or dylibs?\ncase \"$SFML_BINARY_TYPE\" in\n    DYLIBS)\n        frameworks=\"false\"\n        ;;\n    *)\n        frameworks=\"true\"\n        ;;\nesac\n\n# Echoes to stderr\nerror () # $* message to display\n{\n    echo $* 1>&2\n    exit 2\n}\n\nassert () # $1 is a boolean, $2...N is an error message\n{\n    if [ $# -lt 2 ]\n    then\n        error \"Internal error in assert: not enough args\"\n    fi\n\n    if [ $1 -ne 0 ]\n    then\n        shift\n        error \"$*\"\n    fi\n}\n\nforce_remove () # $@ is some paths\n{\n    test $# -ge 1\n    assert $? \"force_remove() requires at least one parameter\"\n    rm -fr $@\n    assert $? \"couldn't remove $@\"\n}\n\ncopy () # $1 is a source, $2 is a destination\n{\n    test $# -eq 2\n    assert $? \"copy() requires two parameters\"\n    ditto \"$1\" \"$2\"\n    assert $? \"couldn't copy $1 to $2\"\n}\n\nrequire () # $1 is a SFML module like 'system' or 'audio'\n{\n    dest=\"$BUILT_PRODUCTS_DIR/$FRAMEWORKS_FOLDER_PATH/\"\n\n    if [ -z \"$1\" ]\n    then\n        error \"require() requires one parameter!\"\n    else\n        # clean potentially old stuff\n        force_remove \"$dest/libsfml-$1\"*\n        force_remove \"$dest/sfml-$1.framework\"\n\n        # copy SFML libraries\n        if [ \"$frameworks\" = \"true\" ]\n        then\n            source=\"$CMAKE_INSTALL_FRAMEWORK_PREFIX/sfml-$1.framework\"\n            target=\"sfml-$1.framework\"\n        elif [ \"$SFML_LINK_DYLIBS_SUFFIX\" = \"-d\" ]\n        then\n            source=\"$CMAKE_INSTALL_LIB_PREFIX/libsfml-$1-d.dylib\"\n            target=\"`readlink $source`\"\n        else\n            source=\"$CMAKE_INSTALL_LIB_PREFIX/libsfml-$1.dylib\"\n            target=\"`readlink $source`\"\n        fi\n\n        copy \"$source\" \"$dest/$target\"\n\n        # copy extra dependencies\n        if [ \"$1\" = \"audio\" ]\n        then\n            # copy \"FLAC\" \"ogg\" \"vorbis\" \"vorbisenc\" \"vorbisfile\" \"OpenAL\" frameworks too\n            for f in \"FLAC\" \"ogg\" \"vorbis\" \"vorbisenc\" \"vorbisfile\" \"OpenAL\"\n            do\n                copy \"$SFML_DEPENDENCIES_INSTALL_PREFIX/$f.framework\" \"$dest/$f.framework\"\n            done\n        elif [ \"$1\" = \"graphics\" ]\n        then\n            copy \"$SFML_DEPENDENCIES_INSTALL_PREFIX/freetype.framework\" \"$dest/freetype.framework\"\n        fi\n    fi\n}\n\nif [ -n \"$SFML_SYSTEM\" ]\nthen\n    require \"system\"\nfi\n\nif [ -n \"$SFML_AUDIO\" ]\nthen\n    require \"audio\"\nfi\n\nif [ -n \"$SFML_NETWORK\" ]\nthen\n    require \"network\"\nfi\n\nif [ -n \"$SFML_WINDOW\" ]\nthen\n    require \"window\"\nfi\n\nif [ -n \"$SFML_GRAPHICS\" ]\nthen\n    require \"graphics\"\nfi\n\n                \n";
		};
/* End PBXShellScriptBuildPhase section */

/* Begin PBXSourcesBuildPhase section */
		2DB82B1121AE27110085B30E /* Sources */ = {
			isa = PBXSourcesBuildPhase;
			buildActionMask = 2147483647;
			files = (
				2DB82B6221AE27600085B30E /* Display_Panel.cpp in Sources */,
				2DB82B5C21AE27600085B30E /* ResourcePath.mm in Sources */,
				2DB82B6721AE27610085B30E /* main.cpp in Sources */,
				2DB82B6521AE27600085B30E /* ControlPanel.cpp in Sources */,
				2DB82B5F21AE27600085B30E /* Constants.cpp in Sources */,
				2DB82B6621AE27610085B30E /* Plot.cpp in Sources */,
			);
			runOnlyForDeploymentPostprocessing = 0;
		};
/* End PBXSourcesBuildPhase section */

/* Begin XCBuildConfiguration section */
		2DB82B2921AE27110085B30E /* Debug */ = {
			isa = XCBuildConfiguration;
			buildSettings = {
				ARCHS = "$(NATIVE_ARCH_ACTUAL)";
				CLANG_CXX_LANGUAGE_STANDARD = "c++11";
				CLANG_CXX_LIBRARY = "libc++";
				FRAMEWORK_SEARCH_PATHS = (
					/Library/Frameworks/,
					"$(inherited)",
				);
				GCC_VERSION = com.apple.compilers.llvm.clang.1_0;
				HEADER_SEARCH_PATHS = (
					/usr/local/include/,
					"$(inherited)",
				);
				LIBRARY_SEARCH_PATHS = (
					/usr/local/lib/,
					"$(inherited)",
				);
				MACOSX_DEPLOYMENT_TARGET = 10.7;
				OTHER_LDFLAGS = (
					"$(inherited)",
					"$(SFML_SYSTEM)",
					"$(SFML_WINDOW)",
					"$(SFML_GRAPHICS)",
					"$(SFML_AUDIO)",
					"$(SFML_NETWORK)",
				);
				SFML_AUDIO = "$(SFML_LINK_PREFIX) sfml-audio$(SFML_LINK_SUFFIX)";
				SFML_BINARY_TYPE = FRAMEWORKS;
				SFML_GRAPHICS = "$(SFML_LINK_PREFIX) sfml-graphics$(SFML_LINK_SUFFIX)";
				SFML_LINK_DYLIBS_PREFIX = "-l";
				SFML_LINK_DYLIBS_SUFFIX = "";
				SFML_LINK_FRAMEWORKS_PREFIX = "-framework";
				SFML_LINK_FRAMEWORKS_SUFFIX = "";
				SFML_LINK_PREFIX = "$(SFML_LINK_$(SFML_BINARY_TYPE)_PREFIX)";
				SFML_LINK_SUFFIX = "$(SFML_LINK_$(SFML_BINARY_TYPE)_SUFFIX)";
				SFML_NETWORK = "$(SFML_LINK_PREFIX) sfml-network$(SFML_LINK_SUFFIX)";
				SFML_SYSTEM = "$(SFML_LINK_PREFIX) sfml-system$(SFML_LINK_SUFFIX)";
				SFML_WINDOW = "$(SFML_LINK_PREFIX) sfml-window$(SFML_LINK_SUFFIX)";
				SUPPORTED_PLATFORMS = macosx;
			};
			name = Debug;
		};
		2DB82B2A21AE27110085B30E /* Release */ = {
			isa = XCBuildConfiguration;
			buildSettings = {
				ARCHS = "$(NATIVE_ARCH_ACTUAL)";
				CLANG_CXX_LANGUAGE_STANDARD = "c++11";
				CLANG_CXX_LIBRARY = "libc++";
				FRAMEWORK_SEARCH_PATHS = (
					/Library/Frameworks/,
					"$(inherited)",
				);
				GCC_VERSION = com.apple.compilers.llvm.clang.1_0;
				HEADER_SEARCH_PATHS = (
					/usr/local/include/,
					"$(inherited)",
				);
				LIBRARY_SEARCH_PATHS = (
					/usr/local/lib/,
					"$(inherited)",
				);
				MACOSX_DEPLOYMENT_TARGET = 10.7;
				OTHER_LDFLAGS = (
					"$(inherited)",
					"$(SFML_SYSTEM)",
					"$(SFML_WINDOW)",
					"$(SFML_GRAPHICS)",
					"$(SFML_AUDIO)",
					"$(SFML_NETWORK)",
				);
				SFML_AUDIO = "$(SFML_LINK_PREFIX) sfml-audio$(SFML_LINK_SUFFIX)";
				SFML_BINARY_TYPE = FRAMEWORKS;
				SFML_GRAPHICS = "$(SFML_LINK_PREFIX) sfml-graphics$(SFML_LINK_SUFFIX)";
				SFML_LINK_DYLIBS_PREFIX = "-l";
				SFML_LINK_DYLIBS_SUFFIX = "";
				SFML_LINK_FRAMEWORKS_PREFIX = "-framework";
				SFML_LINK_FRAMEWORKS_SUFFIX = "";
				SFML_LINK_PREFIX = "$(SFML_LINK_$(SFML_BINARY_TYPE)_PREFIX)";
				SFML_LINK_SUFFIX = "$(SFML_LINK_$(SFML_BINARY_TYPE)_SUFFIX)";
				SFML_NETWORK = "$(SFML_LINK_PREFIX) sfml-network$(SFML_LINK_SUFFIX)";
				SFML_SYSTEM = "$(SFML_LINK_PREFIX) sfml-system$(SFML_LINK_SUFFIX)";
				SFML_WINDOW = "$(SFML_LINK_PREFIX) sfml-window$(SFML_LINK_SUFFIX)";
				SUPPORTED_PLATFORMS = macosx;
			};
			name = Release;
		};
		2DB82B2C21AE27110085B30E /* Debug */ = {
			isa = XCBuildConfiguration;
			buildSettings = {
				CODE_SIGN_STYLE = Automatic;
				DEVELOPMENT_TEAM = 37CWHKAPJQ;
				INFOPLIST_FILE = "Graphing/Graphing-Info.plist";
				LD_RUNPATH_SEARCH_PATHS = "@loader_path/../Frameworks";
				PRODUCT_NAME = "$(TARGET_NAME)";
			};
			name = Debug;
		};
		2DB82B2D21AE27110085B30E /* Release */ = {
			isa = XCBuildConfiguration;
			buildSettings = {
				CODE_SIGN_STYLE = Automatic;
				DEVELOPMENT_TEAM = 37CWHKAPJQ;
				INFOPLIST_FILE = "Graphing/Graphing-Info.plist";
				LD_RUNPATH_SEARCH_PATHS = "@loader_path/../Frameworks";
				PRODUCT_NAME = "$(TARGET_NAME)";
			};
			name = Release;
		};
/* End XCBuildConfiguration section */

/* Begin XCConfigurationList section */
		2DB82B1021AE27110085B30E /* Build configuration list for PBXProject "Graphing" */ = {
			isa = XCConfigurationList;
			buildConfigurations = (
				2DB82B2921AE27110085B30E /* Debug */,
				2DB82B2A21AE27110085B30E /* Release */,
			);
			defaultConfigurationIsVisible = 0;
			defaultConfigurationName = Release;
		};
		2DB82B2B21AE27110085B30E /* Build configuration list for PBXNativeTarget "Graphing" */ = {
			isa = XCConfigurationList;
			buildConfigurations = (
				2DB82B2C21AE27110085B30E /* Debug */,
				2DB82B2D21AE27110085B30E /* Release */,
			);
			defaultConfigurationIsVisible = 0;
			defaultConfigurationName = Release;
		};
/* End XCConfigurationList section */
	};
	rootObject = 2DB82B0D21AE27110085B30E /* Project object */;
}
